
Microsoft Visual Studio Solution File, Format Version 12.00
# Visual Studio Version 17
VisualStudioVersion = 17.2.32630.192
MinimumVisualStudioVersion = 10.0.40219.1
Project("{FAE04EC0-301F-11D3-BF4B-00C04F79EFBC}") = "AngMovieTicket", "AngMovieTicket\AngMovieTicket.csproj", "{CC3748A6-A3F4-41DC-88EE-504E72CBAB48}"
EndProject
Project("{FAE04EC0-301F-11D3-BF4B-00C04F79EFBC}") = "CoreMovieTicket", "..\CoreMovieTicket\CoreMovieTicket.csproj", "{91BC5FCF-D6F3-4043-BB1B-8536B8FDF079}"
EndProject
Global
	GlobalSection(SolutionConfigurationPlatforms) = preSolution
		Debug|Any CPU = Debug|Any CPU
		Release|Any CPU = Release|Any CPU
	EndGlobalSection
	GlobalSection(ProjectConfigurationPlatforms) = postSolution
		{CC3748A6-A3F4-41DC-88EE-504E72CBAB48}.Debug|Any CPU.ActiveCfg = Debug|Any CPU
		{CC3748A6-A3F4-41DC-88EE-504E72CBAB48}.Debug|Any CPU.Build.0 = Debug|Any CPU
		{CC3748A6-A3F4-41DC-88EE-504E72CBAB48}.Release|Any CPU.ActiveCfg = Release|Any CPU
		{CC3748A6-A3F4-41DC-88EE-504E72CBAB48}.Release|Any CPU.Build.0 = Release|Any CPU
		{91BC5FCF-D6F3-4043-BB1B-8536B8FDF079}.Debug|Any CPU.ActiveCfg = Debug|Any CPU
		{91BC5FCF-D6F3-4043-BB1B-8536B8FDF079}.Debug|Any CPU.Build.0 = Debug|Any CPU
		{91BC5FCF-D6F3-4043-BB1B-8536B8FDF079}.Release|Any CPU.ActiveCfg = Release|Any CPU
		{91BC5FCF-D6F3-4043-BB1B-8536B8FDF079}.Release|Any CPU.Build.0 = Release|Any CPU
	EndGlobalSection
	GlobalSection(SolutionProperties) = preSolution
		HideSolutionNode = FALSE
	EndGlobalSection
	GlobalSection(ExtensibilityGlobals) = postSolution
		SolutionGuid = {C50338DA-D6D7-4164-B700-942D11D31D7A}
	EndGlobalSection
EndGlobal
